
Microsoft Visual Studio Solution File, Format Version 12.00
# Visual Studio 14
VisualStudioVersion = 14.0.25420.1
MinimumVisualStudioVersion = 10.0.40219.1
Project("{FAE04EC0-301F-11D3-BF4B-00C04F79EFBC}") = "MyWebScrap", "MyWebScrap\MyWebScrap.csproj", "{8DADB97F-3D4E-4C88-B3E3-8EE2D37B6CD1}"
EndProject
Project("{FAE04EC0-301F-11D3-BF4B-00C04F79EFBC}") = "WebBhavcopyApp", "WebBhavcopyApp\WebBhavcopyApp.csproj", "{44F338D4-32D9-44F7-A593-76D913D0217B}"
EndProject
Global
	GlobalSection(SolutionConfigurationPlatforms) = preSolution
		Debug|Any CPU = Debug|Any CPU
		Release|Any CPU = Release|Any CPU
	EndGlobalSection
	GlobalSection(ProjectConfigurationPlatforms) = postSolution
		{8DADB97F-3D4E-4C88-B3E3-8EE2D37B6CD1}.Debug|Any CPU.ActiveCfg = Debug|Any CPU
		{8DADB97F-3D4E-4C88-B3E3-8EE2D37B6CD1}.Debug|Any CPU.Build.0 = Debug|Any CPU
		{8DADB97F-3D4E-4C88-B3E3-8EE2D37B6CD1}.Release|Any CPU.ActiveCfg = Release|Any CPU
		{8DADB97F-3D4E-4C88-B3E3-8EE2D37B6CD1}.Release|Any CPU.Build.0 = Release|Any CPU
		{44F338D4-32D9-44F7-A593-76D913D0217B}.Debug|Any CPU.ActiveCfg = Debug|Any CPU
		{44F338D4-32D9-44F7-A593-76D913D0217B}.Debug|Any CPU.Build.0 = Debug|Any CPU
		{44F338D4-32D9-44F7-A593-76D913D0217B}.Release|Any CPU.ActiveCfg = Release|Any CPU
		{44F338D4-32D9-44F7-A593-76D913D0217B}.Release|Any CPU.Build.0 = Release|Any CPU
	EndGlobalSection
	GlobalSection(SolutionProperties) = preSolution
		HideSolutionNode = FALSE
	EndGlobalSection
EndGlobal
